
Microsoft Visual Studio Solution File, Format Version 12.00
# Visual Studio Version 17
VisualStudioVersion = 17.3.32922.545
MinimumVisualStudioVersion = 10.0.40219.1
Project("{FAE04EC0-301F-11D3-BF4B-00C04F79EFBC}") = "Proyecto25AM", "Proyecto25AM\Proyecto25AM.csproj", "{BAE592CF-7455-41AD-AB6F-04436718E105}"
EndProject
Project("{FAE04EC0-301F-11D3-BF4B-00C04F79EFBC}") = "Domain", "Domain\Domain.csproj", "{C529D69A-90F6-4465-90D3-ED8CFB8DB0F5}"
EndProject
Global
	GlobalSection(SolutionConfigurationPlatforms) = preSolution
		Debug|Any CPU = Debug|Any CPU
		Release|Any CPU = Release|Any CPU
	EndGlobalSection
	GlobalSection(ProjectConfigurationPlatforms) = postSolution
		{BAE592CF-7455-41AD-AB6F-04436718E105}.Debug|Any CPU.ActiveCfg = Debug|Any CPU
		{BAE592CF-7455-41AD-AB6F-04436718E105}.Debug|Any CPU.Build.0 = Debug|Any CPU
		{BAE592CF-7455-41AD-AB6F-04436718E105}.Release|Any CPU.ActiveCfg = Release|Any CPU
		{BAE592CF-7455-41AD-AB6F-04436718E105}.Release|Any CPU.Build.0 = Release|Any CPU
		{C529D69A-90F6-4465-90D3-ED8CFB8DB0F5}.Debug|Any CPU.ActiveCfg = Debug|Any CPU
		{C529D69A-90F6-4465-90D3-ED8CFB8DB0F5}.Debug|Any CPU.Build.0 = Debug|Any CPU
		{C529D69A-90F6-4465-90D3-ED8CFB8DB0F5}.Release|Any CPU.ActiveCfg = Release|Any CPU
		{C529D69A-90F6-4465-90D3-ED8CFB8DB0F5}.Release|Any CPU.Build.0 = Release|Any CPU
	EndGlobalSection
	GlobalSection(SolutionProperties) = preSolution
		HideSolutionNode = FALSE
	EndGlobalSection
	GlobalSection(ExtensibilityGlobals) = postSolution
		SolutionGuid = {FD63417F-B3DF-46B1-AC9C-698A5E22FF22}
	EndGlobalSection
EndGlobal
